
Microsoft Visual Studio Solution File, Format Version 12.00
# Visual Studio Version 17
VisualStudioVersion = 17.14.36109.1 d17.14
MinimumVisualStudioVersion = 10.0.40219.1
Project("{FAE04EC0-301F-11D3-BF4B-00C04F79EFBC}") = "etapa-2-code-patterns", "etapa-2-code-patterns.csproj", "{9E21812F-71F8-4D73-84FB-1C3F1BE098E1}"
EndProject
Global
	GlobalSection(SolutionConfigurationPlatforms) = preSolution
		Debug|Any CPU = Debug|Any CPU
		Release|Any CPU = Release|Any CPU
	EndGlobalSection
	GlobalSection(ProjectConfigurationPlatforms) = postSolution
		{9E21812F-71F8-4D73-84FB-1C3F1BE098E1}.Debug|Any CPU.ActiveCfg = Debug|Any CPU
		{9E21812F-71F8-4D73-84FB-1C3F1BE098E1}.Debug|Any CPU.Build.0 = Debug|Any CPU
		{9E21812F-71F8-4D73-84FB-1C3F1BE098E1}.Release|Any CPU.ActiveCfg = Release|Any CPU
		{9E21812F-71F8-4D73-84FB-1C3F1BE098E1}.Release|Any CPU.Build.0 = Release|Any CPU
	EndGlobalSection
	GlobalSection(SolutionProperties) = preSolution
		HideSolutionNode = FALSE
	EndGlobalSection
	GlobalSection(ExtensibilityGlobals) = postSolution
		SolutionGuid = {0737E0CE-0D9B-494F-84D2-ADCC4926F8E6}
	EndGlobalSection
EndGlobal
